// !$*UTF8*$!
{
	archiveVersion = 1;
	classes = {
	};
	objectVersion = 55;
	objects = {

/* Begin PBXBuildFile section */
		3986261527E91556009FDC5F /* AppDelegate.swift in Sources */ = {isa = PBXBuildFile; fileRef = 3986261427E91556009FDC5F /* AppDelegate.swift */; };
		3986261727E91556009FDC5F /* SceneDelegate.swift in Sources */ = {isa = PBXBuildFile; fileRef = 3986261627E91556009FDC5F /* SceneDelegate.swift */; };
		3986261C27E91556009FDC5F /* Main.storyboard in Resources */ = {isa = PBXBuildFile; fileRef = 3986261A27E91556009FDC5F /* Main.storyboard */; };
		3986261F27E91556009FDC5F /* CoreDataImages.xcdatamodeld in Sources */ = {isa = PBXBuildFile; fileRef = 3986261D27E91556009FDC5F /* CoreDataImages.xcdatamodeld */; };
		3986262127E91558009FDC5F /* Assets.xcassets in Resources */ = {isa = PBXBuildFile; fileRef = 3986262027E91558009FDC5F /* Assets.xcassets */; };
		3986262427E91558009FDC5F /* LaunchScreen.storyboard in Resources */ = {isa = PBXBuildFile; fileRef = 3986262227E91558009FDC5F /* LaunchScreen.storyboard */; };
		3986262C27E919FF009FDC5F /* SampleData.plist in Resources */ = {isa = PBXBuildFile; fileRef = 3986262B27E919FF009FDC5F /* SampleData.plist */; };
		8FBBC8B72BADAD2200000AE7 /* ColorAttributeTransformer.swift in Sources */ = {isa = PBXBuildFile; fileRef = 8FBBC8B62BADAD2200000AE7 /* ColorAttributeTransformer.swift */; };
		8FBBC8B92BADAD8F00000AE7 /* BowTie+CoreDataClass.swift in Sources */ = {isa = PBXBuildFile; fileRef = 8FBBC8B82BADAD8F00000AE7 /* BowTie+CoreDataClass.swift */; };
		8FBBC8BB2BADAF9000000AE7 /* BowTie+CoreDataProperties.swift in Sources */ = {isa = PBXBuildFile; fileRef = 8FBBC8BA2BADAF9000000AE7 /* BowTie+CoreDataProperties.swift */; };
		8FBBC8BD2BADB19700000AE7 /* ViewController.swift in Sources */ = {isa = PBXBuildFile; fileRef = 8FBBC8BC2BADB19700000AE7 /* ViewController.swift */; };
/* End PBXBuildFile section */

/* Begin PBXFileReference section */
		3986261127E91556009FDC5F /* CoreDataImages.app */ = {isa = PBXFileReference; explicitFileType = wrapper.application; includeInIndex = 0; path = CoreDataImages.app; sourceTree = BUILT_PRODUCTS_DIR; };
		3986261427E91556009FDC5F /* AppDelegate.swift */ = {isa = PBXFileReference; lastKnownFileType = sourcecode.swift; path = AppDelegate.swift; sourceTree = "<group>"; };
		3986261627E91556009FDC5F /* SceneDelegate.swift */ = {isa = PBXFileReference; lastKnownFileType = sourcecode.swift; path = SceneDelegate.swift; sourceTree = "<group>"; };
		3986261B27E91556009FDC5F /* Base */ = {isa = PBXFileReference; lastKnownFileType = file.storyboard; name = Base; path = Base.lproj/Main.storyboard; sourceTree = "<group>"; };
		3986261E27E91556009FDC5F /* CoreDataImages.xcdatamodel */ = {isa = PBXFileReference; lastKnownFileType = wrapper.xcdatamodel; path = CoreDataImages.xcdatamodel; sourceTree = "<group>"; };
		3986262027E91558009FDC5F /* Assets.xcassets */ = {isa = PBXFileReference; lastKnownFileType = folder.assetcatalog; path = Assets.xcassets; sourceTree = "<group>"; };
		3986262327E91558009FDC5F /* Base */ = {isa = PBXFileReference; lastKnownFileType = file.storyboard; name = Base; path = Base.lproj/LaunchScreen.storyboard; sourceTree = "<group>"; };
		3986262527E91558009FDC5F /* Info.plist */ = {isa = PBXFileReference; lastKnownFileType = text.plist.xml; path = Info.plist; sourceTree = "<group>"; };
		3986262B27E919FF009FDC5F /* SampleData.plist */ = {isa = PBXFileReference; lastKnownFileType = text.plist.xml; path = SampleData.plist; sourceTree = "<group>"; };
		8FBBC8B62BADAD2200000AE7 /* ColorAttributeTransformer.swift */ = {isa = PBXFileReference; lastKnownFileType = sourcecode.swift; path = ColorAttributeTransformer.swift; sourceTree = "<group>"; };
		8FBBC8B82BADAD8F00000AE7 /* BowTie+CoreDataClass.swift */ = {isa = PBXFileReference; lastKnownFileType = sourcecode.swift; path = "BowTie+CoreDataClass.swift"; sourceTree = "<group>"; };
		8FBBC8BA2BADAF9000000AE7 /* BowTie+CoreDataProperties.swift */ = {isa = PBXFileReference; lastKnownFileType = sourcecode.swift; path = "BowTie+CoreDataProperties.swift"; sourceTree = "<group>"; };
		8FBBC8BC2BADB19700000AE7 /* ViewController.swift */ = {isa = PBXFileReference; lastKnownFileType = sourcecode.swift; path = ViewController.swift; sourceTree = "<group>"; };
/* End PBXFileReference section */

/* Begin PBXFrameworksBuildPhase section */
		3986260E27E91556009FDC5F /* Frameworks */ = {
			isa = PBXFrameworksBuildPhase;
			buildActionMask = 2147483647;
			files = (
			);
			runOnlyForDeploymentPostprocessing = 0;
		};
/* End PBXFrameworksBuildPhase section */

/* Begin PBXGroup section */
		3986260827E91556009FDC5F = {
			isa = PBXGroup;
			children = (
				3986261327E91556009FDC5F /* CoreDataImages */,
				3986261227E91556009FDC5F /* Products */,
			);
			sourceTree = "<group>";
		};
		3986261227E91556009FDC5F /* Products */ = {
			isa = PBXGroup;
			children = (
				3986261127E91556009FDC5F /* CoreDataImages.app */,
			);
			name = Products;
			sourceTree = "<group>";
		};
		3986261327E91556009FDC5F /* CoreDataImages */ = {
			isa = PBXGroup;
			children = (
				8FBBC8B82BADAD8F00000AE7 /* BowTie+CoreDataClass.swift */,
				8FBBC8BA2BADAF9000000AE7 /* BowTie+CoreDataProperties.swift */,
				3986261427E91556009FDC5F /* AppDelegate.swift */,
				3986261627E91556009FDC5F /* SceneDelegate.swift */,
				3986261A27E91556009FDC5F /* Main.storyboard */,
				3986262027E91558009FDC5F /* Assets.xcassets */,
				3986262227E91558009FDC5F /* LaunchScreen.storyboard */,
				3986262527E91558009FDC5F /* Info.plist */,
				3986261D27E91556009FDC5F /* CoreDataImages.xcdatamodeld */,
				8FBBC8BC2BADB19700000AE7 /* ViewController.swift */,
				3986262B27E919FF009FDC5F /* SampleData.plist */,
				8FBBC8B62BADAD2200000AE7 /* ColorAttributeTransformer.swift */,
			);
			path = CoreDataImages;
			sourceTree = "<group>";
		};
/* End PBXGroup section */

/* Begin PBXNativeTarget section */
		3986261027E91556009FDC5F /* CoreDataImages */ = {
			isa = PBXNativeTarget;
			buildConfigurationList = 3986262827E91558009FDC5F /* Build configuration list for PBXNativeTarget "CoreDataImages" */;
			buildPhases = (
				3986260D27E91556009FDC5F /* Sources */,
				3986260E27E91556009FDC5F /* Frameworks */,
				3986260F27E91556009FDC5F /* Resources */,
			);
			buildRules = (
			);
			dependencies = (
			);
			name = CoreDataImages;
			productName = CoreDataImages;
			productReference = 3986261127E91556009FDC5F /* CoreDataImages.app */;
			productType = "com.apple.product-type.application";
		};
/* End PBXNativeTarget section */

/* Begin PBXProject section */
		3986260927E91556009FDC5F /* Project object */ = {
			isa = PBXProject;
			attributes = {
				BuildIndependentTargetsInParallel = 1;
				LastSwiftUpdateCheck = 1330;
				LastUpgradeCheck = 1330;
				TargetAttributes = {
					3986261027E91556009FDC5F = {
						CreatedOnToolsVersion = 13.3;
					};
				};
			};
			buildConfigurationList = 3986260C27E91556009FDC5F /* Build configuration list for PBXProject "CoreDataImages" */;
			compatibilityVersion = "Xcode 13.0";
			developmentRegion = en;
			hasScannedForEncodings = 0;
			knownRegions = (
				en,
				Base,
			);
			mainGroup = 3986260827E91556009FDC5F;
			productRefGroup = 3986261227E91556009FDC5F /* Products */;
			projectDirPath = "";
			projectRoot = "";
			targets = (
				3986261027E91556009FDC5F /* CoreDataImages */,
			);
		};
/* End PBXProject section */

/* Begin PBXResourcesBuildPhase section */
		3986260F27E91556009FDC5F /* Resources */ = {
			isa = PBXResourcesBuildPhase;
			buildActionMask = 2147483647;
			files = (
				3986262427E91558009FDC5F /* LaunchScreen.storyboard in Resources */,
				3986262127E91558009FDC5F /* Assets.xcassets in Resources */,
				3986262C27E919FF009FDC5F /* SampleData.plist in Resources */,
				3986261C27E91556009FDC5F /* Main.storyboard in Resources */,
			);
			runOnlyForDeploymentPostprocessing = 0;
		};
/* End PBXResourcesBuildPhase section */

/* Begin PBXSourcesBuildPhase section */
		3986260D27E91556009FDC5F /* Sources */ = {
			isa = PBXSourcesBuildPhase;
			buildActionMask = 2147483647;
			files = (
				8FBBC8B72BADAD2200000AE7 /* ColorAttributeTransformer.swift in Sources */,
				8FBBC8BB2BADAF9000000AE7 /* BowTie+CoreDataProperties.swift in Sources */,
				8FBBC8B92BADAD8F00000AE7 /* BowTie+CoreDataClass.swift in Sources */,
				3986261F27E91556009FDC5F /* CoreDataImages.xcdatamodeld in Sources */,
				8FBBC8BD2BADB19700000AE7 /* ViewController.swift in Sources */,
				3986261527E91556009FDC5F /* AppDelegate.swift in Sources */,
				3986261727E91556009FDC5F /* SceneDelegate.swift in Sources */,
			);
			runOnlyForDeploymentPostprocessing = 0;
		};
/* End PBXSourcesBuildPhase section */

/* Begin PBXVariantGroup section */
		3986261A27E91556009FDC5F /* Main.storyboard */ = {
			isa = PBXVariantGroup;
			children = (
				3986261B27E91556009FDC5F /* Base */,
			);
			name = Main.storyboard;
			sourceTree = "<group>";
		};
		3986262227E91558009FDC5F /* LaunchScreen.storyboard */ = {
			isa = PBXVariantGroup;
			children = (
				3986262327E91558009FDC5F /* Base */,
			);
			name = LaunchScreen.storyboard;
			sourceTree = "<group>";
		};
/* End PBXVariantGroup section */

/* Begin XCBuildConfiguration section */
		3986262627E91558009FDC5F /* Debug */ = {
			isa = XCBuildConfiguration;
			buildSettings = {
				ALWAYS_SEARCH_USER_PATHS = NO;
				CLANG_ANALYZER_NONNULL = YES;
				CLANG_ANALYZER_NUMBER_OBJECT_CONVERSION = YES_AGGRESSIVE;
				CLANG_CXX_LANGUAGE_STANDARD = "gnu++17";
				CLANG_ENABLE_MODULES = YES;
				CLANG_ENABLE_OBJC_ARC = YES;
				CLANG_ENABLE_OBJC_WEAK = YES;
				CLANG_WARN_BLOCK_CAPTURE_AUTORELEASING = YES;
				CLANG_WARN_BOOL_CONVERSION = YES;
				CLANG_WARN_COMMA = YES;
				CLANG_WARN_CONSTANT_CONVERSION = YES;
				CLANG_WARN_DEPRECATED_OBJC_IMPLEMENTATIONS = YES;
				CLANG_WARN_DIRECT_OBJC_ISA_USAGE = YES_ERROR;
				CLANG_WARN_DOCUMENTATION_COMMENTS = YES;
				CLANG_WARN_EMPTY_BODY = YES;
				CLANG_WARN_ENUM_CONVERSION = YES;
				CLANG_WARN_INFINITE_RECURSION = YES;
				CLANG_WARN_INT_CONVERSION = YES;
				CLANG_WARN_NON_LITERAL_NULL_CONVERSION = YES;
				CLANG_WARN_OBJC_IMPLICIT_RETAIN_SELF = YES;
				CLANG_WARN_OBJC_LITERAL_CONVERSION = YES;
				CLANG_WARN_OBJC_ROOT_CLASS = YES_ERROR;
				CLANG_WARN_QUOTED_INCLUDE_IN_FRAMEWORK_HEADER = YES;
				CLANG_WARN_RANGE_LOOP_ANALYSIS = YES;
				CLANG_WARN_STRICT_PROTOTYPES = YES;
				CLANG_WARN_SUSPICIOUS_MOVE = YES;
				CLANG_WARN_UNGUARDED_AVAILABILITY = YES_AGGRESSIVE;
				CLANG_WARN_UNREACHABLE_CODE = YES;
				CLANG_WARN__DUPLICATE_METHOD_MATCH = YES;
				COPY_PHASE_STRIP = NO;
				DEBUG_INFORMATION_FORMAT = dwarf;
				ENABLE_STRICT_OBJC_MSGSEND = YES;
				ENABLE_TESTABILITY = YES;
				GCC_C_LANGUAGE_STANDARD = gnu11;
				GCC_DYNAMIC_NO_PIC = NO;
				GCC_NO_COMMON_BLOCKS = YES;
				GCC_OPTIMIZATION_LEVEL = 0;
				GCC_PREPROCESSOR_DEFINITIONS = (
					"DEBUG=1",
					"$(inherited)",
				);
				GCC_WARN_64_TO_32_BIT_CONVERSION = YES;
				GCC_WARN_ABOUT_RETURN_TYPE = YES_ERROR;
				GCC_WARN_UNDECLARED_SELECTOR = YES;
				GCC_WARN_UNINITIALIZED_AUTOS = YES_AGGRESSIVE;
				GCC_WARN_UNUSED_FUNCTION = YES;
				GCC_WARN_UNUSED_VARIABLE = YES;
				IPHONEOS_DEPLOYMENT_TARGET = 15.4;
				MTL_ENABLE_DEBUG_INFO = INCLUDE_SOURCE;
				MTL_FAST_MATH = YES;
				ONLY_ACTIVE_ARCH = YES;
				SDKROOT = iphoneos;
				SWIFT_ACTIVE_COMPILATION_CONDITIONS = DEBUG;
				SWIFT_OPTIMIZATION_LEVEL = "-Onone";
			};
			name = Debug;
		};
		3986262727E91558009FDC5F /* Release */ = {
			isa = XCBuildConfiguration;
			buildSettings = {
				ALWAYS_SEARCH_USER_PATHS = NO;
				CLANG_ANALYZER_NONNULL = YES;
				CLANG_ANALYZER_NUMBER_OBJECT_CONVERSION = YES_AGGRESSIVE;
				CLANG_CXX_LANGUAGE_STANDARD = "gnu++17";
				CLANG_ENABLE_MODULES = YES;
				CLANG_ENABLE_OBJC_ARC = YES;
				CLANG_ENABLE_OBJC_WEAK = YES;
				CLANG_WARN_BLOCK_CAPTURE_AUTORELEASING = YES;
				CLANG_WARN_BOOL_CONVERSION = YES;
				CLANG_WARN_COMMA = YES;
				CLANG_WARN_CONSTANT_CONVERSION = YES;
				CLANG_WARN_DEPRECATED_OBJC_IMPLEMENTATIONS = YES;
				CLANG_WARN_DIRECT_OBJC_ISA_USAGE = YES_ERROR;
				CLANG_WARN_DOCUMENTATION_COMMENTS = YES;
				CLANG_WARN_EMPTY_BODY = YES;
				CLANG_WARN_ENUM_CONVERSION = YES;
				CLANG_WARN_INFINITE_RECURSION = YES;
				CLANG_WARN_INT_CONVERSION = YES;
				CLANG_WARN_NON_LITERAL_NULL_CONVERSION = YES;
				CLANG_WARN_OBJC_IMPLICIT_RETAIN_SELF = YES;
				CLANG_WARN_OBJC_LITERAL_CONVERSION = YES;
				CLANG_WARN_OBJC_ROOT_CLASS = YES_ERROR;
				CLANG_WARN_QUOTED_INCLUDE_IN_FRAMEWORK_HEADER = YES;
				CLANG_WARN_RANGE_LOOP_ANALYSIS = YES;
				CLANG_WARN_STRICT_PROTOTYPES = YES;
				CLANG_WARN_SUSPICIOUS_MOVE = YES;
				CLANG_WARN_UNGUARDED_AVAILABILITY = YES_AGGRESSIVE;
				CLANG_WARN_UNREACHABLE_CODE = YES;
				CLANG_WARN__DUPLICATE_METHOD_MATCH = YES;
				COPY_PHASE_STRIP = NO;
				DEBUG_INFORMATION_FORMAT = "dwarf-with-dsym";
				ENABLE_NS_ASSERTIONS = NO;
				ENABLE_STRICT_OBJC_MSGSEND = YES;
				GCC_C_LANGUAGE_STANDARD = gnu11;
				GCC_NO_COMMON_BLOCKS = YES;
				GCC_WARN_64_TO_32_BIT_CONVERSION = YES;
				GCC_WARN_ABOUT_RETURN_TYPE = YES_ERROR;
				GCC_WARN_UNDECLARED_SELECTOR = YES;
				GCC_WARN_UNINITIALIZED_AUTOS = YES_AGGRESSIVE;
				GCC_WARN_UNUSED_FUNCTION = YES;
				GCC_WARN_UNUSED_VARIABLE = YES;
				IPHONEOS_DEPLOYMENT_TARGET = 15.4;
				MTL_ENABLE_DEBUG_INFO = NO;
				MTL_FAST_MATH = YES;
				SDKROOT = iphoneos;
				SWIFT_COMPILATION_MODE = wholemodule;
				SWIFT_OPTIMIZATION_LEVEL = "-O";
				VALIDATE_PRODUCT = YES;
			};
			name = Release;
		};
		3986262927E91558009FDC5F /* Debug */ = {
			isa = XCBuildConfiguration;
			buildSettings = {
				ASSETCATALOG_COMPILER_APPICON_NAME = AppIcon;
				ASSETCATALOG_COMPILER_GLOBAL_ACCENT_COLOR_NAME = AccentColor;
				CODE_SIGN_STYLE = Automatic;
				CURRENT_PROJECT_VERSION = 1;
				DEVELOPMENT_TEAM = 3CKF9447JB;
				GENERATE_INFOPLIST_FILE = YES;
				INFOPLIST_FILE = CoreDataImages/Info.plist;
				INFOPLIST_KEY_UIApplicationSupportsIndirectInputEvents = YES;
				INFOPLIST_KEY_UILaunchStoryboardName = LaunchScreen;
				INFOPLIST_KEY_UIMainStoryboardFile = Main;
				INFOPLIST_KEY_UISupportedInterfaceOrientations_iPad = "UIInterfaceOrientationPortrait UIInterfaceOrientationPortraitUpsideDown UIInterfaceOrientationLandscapeLeft UIInterfaceOrientationLandscapeRight";
				INFOPLIST_KEY_UISupportedInterfaceOrientations_iPhone = "UIInterfaceOrientationPortrait UIInterfaceOrientationLandscapeLeft UIInterfaceOrientationLandscapeRight";
				LD_RUNPATH_SEARCH_PATHS = (
					"$(inherited)",
					"@executable_path/Frameworks",
				);
				MARKETING_VERSION = 1.0;
				PRODUCT_BUNDLE_IDENTIFIER = apptist.com.CoreDataImages;
				PRODUCT_NAME = "$(TARGET_NAME)";
				SWIFT_EMIT_LOC_STRINGS = YES;
				SWIFT_VERSION = 5.0;
				TARGETED_DEVICE_FAMILY = "1,2";
			};
			name = Debug;
		};
		3986262A27E91558009FDC5F /* Release */ = {
			isa = XCBuildConfiguration;
			buildSettings = {
				ASSETCATALOG_COMPILER_APPICON_NAME = AppIcon;
				ASSETCATALOG_COMPILER_GLOBAL_ACCENT_COLOR_NAME = AccentColor;
				CODE_SIGN_STYLE = Automatic;
				CURRENT_PROJECT_VERSION = 1;
				DEVELOPMENT_TEAM = 3CKF9447JB;
				GENERATE_INFOPLIST_FILE = YES;
				INFOPLIST_FILE = CoreDataImages/Info.plist;
				INFOPLIST_KEY_UIApplicationSupportsIndirectInputEvents = YES;
				INFOPLIST_KEY_UILaunchStoryboardName = LaunchScreen;
				INFOPLIST_KEY_UIMainStoryboardFile = Main;
				INFOPLIST_KEY_UISupportedInterfaceOrientations_iPad = "UIInterfaceOrientationPortrait UIInterfaceOrientationPortraitUpsideDown UIInterfaceOrientationLandscapeLeft UIInterfaceOrientationLandscapeRight";
				INFOPLIST_KEY_UISupportedInterfaceOrientations_iPhone = "UIInterfaceOrientationPortrait UIInterfaceOrientationLandscapeLeft UIInterfaceOrientationLandscapeRight";
				LD_RUNPATH_SEARCH_PATHS = (
					"$(inherited)",
					"@executable_path/Frameworks",
				);
				MARKETING_VERSION = 1.0;
				PRODUCT_BUNDLE_IDENTIFIER = apptist.com.CoreDataImages;
				PRODUCT_NAME = "$(TARGET_NAME)";
				SWIFT_EMIT_LOC_STRINGS = YES;
				SWIFT_VERSION = 5.0;
				TARGETED_DEVICE_FAMILY = "1,2";
			};
			name = Release;
		};
/* End XCBuildConfiguration section */

/* Begin XCConfigurationList section */
		3986260C27E91556009FDC5F /* Build configuration list for PBXProject "CoreDataImages" */ = {
			isa = XCConfigurationList;
			buildConfigurations = (
				3986262627E91558009FDC5F /* Debug */,
				3986262727E91558009FDC5F /* Release */,
			);
			defaultConfigurationIsVisible = 0;
			defaultConfigurationName = Release;
		};
		3986262827E91558009FDC5F /* Build configuration list for PBXNativeTarget "CoreDataImages" */ = {
			isa = XCConfigurationList;
			buildConfigurations = (
				3986262927E91558009FDC5F /* Debug */,
				3986262A27E91558009FDC5F /* Release */,
			);
			defaultConfigurationIsVisible = 0;
			defaultConfigurationName = Release;
		};
/* End XCConfigurationList section */

/* Begin XCVersionGroup section */
		3986261D27E91556009FDC5F /* CoreDataImages.xcdatamodeld */ = {
			isa = XCVersionGroup;
			children = (
				3986261E27E91556009FDC5F /* CoreDataImages.xcdatamodel */,
			);
			currentVersion = 3986261E27E91556009FDC5F /* CoreDataImages.xcdatamodel */;
			path = CoreDataImages.xcdatamodeld;
			sourceTree = "<group>";
			versionGroupType = wrapper.xcdatamodel;
		};
/* End XCVersionGroup section */
	};
	rootObject = 3986260927E91556009FDC5F /* Project object */;
}
